{
  "name": "proyecto2",
  "version": "1.0.0",
  "lockfileVersion": 2,
  "requires": true,
  "packages": {
    "": {
      "name": "proyecto2",
      "version": "1.0.0",
      "license": "ISC",
      "dependencies": {
        "chart.js": "^3.8.0",
        "colorlib": "^0.0.0"
      }
    },
    "node_modules/chart.js": {
      "version": "3.8.0",
      "resolved": "https://registry.npmjs.org/chart.js/-/chart.js-3.8.0.tgz",
      "integrity": "sha512-cr8xhrXjLIXVLOBZPkBZVF6NDeiVIrPLHcMhnON7UufudL+CNeRrD+wpYanswlm8NpudMdrt3CHoLMQMxJhHRg=="
    },
    "node_modules/colorlib": {
      "version": "0.0.0",
      "resolved": "https://registry.npmjs.org/colorlib/-/colorlib-0.0.0.tgz",
      "integrity": "sha512-FT6q2FpNx4csagFES0Gs45hadrpgVgz0PdZuCwvjbUcP2XGtP0S/7S1NiV7g1H9jMjvZb5q2SHd224YptNzY4w=="
    }
  },
  "dependencies": {
    "chart.js": {
      "version": "3.8.0",
      "resolved": "https://registry.npmjs.org/chart.js/-/chart.js-3.8.0.tgz",
      "integrity": "sha512-cr8xhrXjLIXVLOBZPkBZVF6NDeiVIrPLHcMhnON7UufudL+CNeRrD+wpYanswlm8NpudMdrt3CHoLMQMxJhHRg=="
    },
    "colorlib": {
      "version": "0.0.0",
      "resolved": "https://registry.npmjs.org/colorlib/-/colorlib-0.0.0.tgz",
      "integrity": "sha512-FT6q2FpNx4csagFES0Gs45hadrpgVgz0PdZuCwvjbUcP2XGtP0S/7S1NiV7g1H9jMjvZb5q2SHd224YptNzY4w=="
    }
  }
}
